
Microsoft Visual Studio Solution File, Format Version 12.00
# Visual Studio Version 17
VisualStudioVersion = 17.0.31903.59
MinimumVisualStudioVersion = 10.0.40219.1
Project("{2150E333-8FDC-42A3-9474-1A3956D46DE8}") = "Modules", "Modules", "{B3FEB440-AB97-4C82-805B-E5BB9BD39AB5}"
EndProject
Project("{2150E333-8FDC-42A3-9474-1A3956D46DE8}") = "Ordering", "Ordering", "{89D82D51-0EE1-4777-BA42-C6B965F83780}"
EndProject
Project("{FAE04EC0-301F-11D3-BF4B-00C04F79EFBC}") = "Ordering.Application", "Modules\Ordering\Ordering.Application\Ordering.Application.csproj", "{8D293778-25AD-4720-895D-3D6CED07696C}"
EndProject
Project("{FAE04EC0-301F-11D3-BF4B-00C04F79EFBC}") = "Ordering.Domain", "Modules\Ordering\Ordering.Domain\Ordering.Domain.csproj", "{6B37C25F-CED9-4C4F-AD3A-E49FE163ADC3}"
EndProject
Project("{FAE04EC0-301F-11D3-BF4B-00C04F79EFBC}") = "Ordering.Infrastructure", "Modules\Ordering\Ordering.Infrastructure\Ordering.Infrastructure.csproj", "{CE8C4A82-CE5A-4FA0-B620-DB31D8A28AE7}"
EndProject
Project("{2150E333-8FDC-42A3-9474-1A3956D46DE8}") = "Chatbot", "Chatbot", "{B1183840-9915-4E0A-A2C2-19674FDC7D50}"
EndProject
Project("{FAE04EC0-301F-11D3-BF4B-00C04F79EFBC}") = "Chatbot.Application", "Modules\Chatbot\Chatbot.Application\Chatbot.Application.csproj", "{D8ECAFA6-FAEA-440E-9AD5-335C4976E438}"
EndProject
Project("{FAE04EC0-301F-11D3-BF4B-00C04F79EFBC}") = "Chatbot.Infrastructure", "Modules\Chatbot\Chatbot.Infrastructure\Chatbot.Infrastructure.csproj", "{F6E719D0-2577-4E28-AED5-71DF9ADE39C2}"
EndProject
Project("{FAE04EC0-301F-11D3-BF4B-00C04F79EFBC}") = "Chatbot.Domain", "Modules\Chatbot\Chatbot.Domain\Chatbot.Domain.csproj", "{7D2BA5EF-9091-493B-8C35-F425496E48EA}"
EndProject
Project("{2150E333-8FDC-42A3-9474-1A3956D46DE8}") = "Catalog", "Catalog", "{5D086FEF-6AF6-4E77-98BB-27C546CE9A55}"
EndProject
Project("{FAE04EC0-301F-11D3-BF4B-00C04F79EFBC}") = "Catalog.Domain", "Modules\Catalog\Catalog.Domain\Catalog.Domain.csproj", "{BFA05F30-FD86-41E1-AEE3-7D6B4B73FFC8}"
EndProject
Project("{FAE04EC0-301F-11D3-BF4B-00C04F79EFBC}") = "Catalog.Infrastructure", "Modules\Catalog\Catalog.Infrastructure\Catalog.Infrastructure.csproj", "{E895A4D0-D3C4-4B26-9C9B-98D822E2D70D}"
EndProject
Project("{FAE04EC0-301F-11D3-BF4B-00C04F79EFBC}") = "Catalog.Application", "Modules\Catalog\Catalog.Application\Catalog.Application.csproj", "{89123ABE-6304-45C2-A5CB-11CADE8961B8}"
EndProject
Project("{FAE04EC0-301F-11D3-BF4B-00C04F79EFBC}") = "Ecommerce.Jobs", "Modules\Ecommerce.Jobs\Ecommerce.Jobs.csproj", "{5AE1FFAB-109A-45F7-9E01-FF8700A576BA}"
EndProject
Project("{2150E333-8FDC-42A3-9474-1A3956D46DE8}") = "Identity", "Identity", "{319F46E1-3A01-4A26-A46C-237E6AE0E9DD}"
EndProject
Project("{FAE04EC0-301F-11D3-BF4B-00C04F79EFBC}") = "Identity.Application", "Modules\Identity\Identity.Application\Identity.Application.csproj", "{A103352C-6DB2-4F14-B2A3-133A2612D871}"
EndProject
Project("{FAE04EC0-301F-11D3-BF4B-00C04F79EFBC}") = "Identity.Infrastructure", "Modules\Identity\Identity.Infrastructure\Identity.Infrastructure.csproj", "{FE192BA1-E0D6-4FFE-95ED-A9399B7DBE81}"
EndProject
Project("{FAE04EC0-301F-11D3-BF4B-00C04F79EFBC}") = "Identity.Domain", "Modules\Identity\Identity.Domain\Identity.Domain.csproj", "{CBD8F751-71E2-424F-A9C4-BA72D8D15D10}"
EndProject
Project("{FAE04EC0-301F-11D3-BF4B-00C04F79EFBC}") = "Ecommerce.Api", "Modules\Ecommerce.Api\Ecommerce.Api.csproj", "{5DBE4707-ECE0-4477-A7A8-8B67E26CA40E}"
EndProject
Global
	GlobalSection(SolutionConfigurationPlatforms) = preSolution
		Debug|Any CPU = Debug|Any CPU
		Release|Any CPU = Release|Any CPU
	EndGlobalSection
	GlobalSection(SolutionProperties) = preSolution
		HideSolutionNode = FALSE
	EndGlobalSection
	GlobalSection(ProjectConfigurationPlatforms) = postSolution
		{8D293778-25AD-4720-895D-3D6CED07696C}.Debug|Any CPU.ActiveCfg = Debug|Any CPU
		{8D293778-25AD-4720-895D-3D6CED07696C}.Debug|Any CPU.Build.0 = Debug|Any CPU
		{8D293778-25AD-4720-895D-3D6CED07696C}.Release|Any CPU.ActiveCfg = Release|Any CPU
		{8D293778-25AD-4720-895D-3D6CED07696C}.Release|Any CPU.Build.0 = Release|Any CPU
		{6B37C25F-CED9-4C4F-AD3A-E49FE163ADC3}.Debug|Any CPU.ActiveCfg = Debug|Any CPU
		{6B37C25F-CED9-4C4F-AD3A-E49FE163ADC3}.Debug|Any CPU.Build.0 = Debug|Any CPU
		{6B37C25F-CED9-4C4F-AD3A-E49FE163ADC3}.Release|Any CPU.ActiveCfg = Release|Any CPU
		{6B37C25F-CED9-4C4F-AD3A-E49FE163ADC3}.Release|Any CPU.Build.0 = Release|Any CPU
		{CE8C4A82-CE5A-4FA0-B620-DB31D8A28AE7}.Debug|Any CPU.ActiveCfg = Debug|Any CPU
		{CE8C4A82-CE5A-4FA0-B620-DB31D8A28AE7}.Debug|Any CPU.Build.0 = Debug|Any CPU
		{CE8C4A82-CE5A-4FA0-B620-DB31D8A28AE7}.Release|Any CPU.ActiveCfg = Release|Any CPU
		{CE8C4A82-CE5A-4FA0-B620-DB31D8A28AE7}.Release|Any CPU.Build.0 = Release|Any CPU
		{D8ECAFA6-FAEA-440E-9AD5-335C4976E438}.Debug|Any CPU.ActiveCfg = Debug|Any CPU
		{D8ECAFA6-FAEA-440E-9AD5-335C4976E438}.Debug|Any CPU.Build.0 = Debug|Any CPU
		{D8ECAFA6-FAEA-440E-9AD5-335C4976E438}.Release|Any CPU.ActiveCfg = Release|Any CPU
		{D8ECAFA6-FAEA-440E-9AD5-335C4976E438}.Release|Any CPU.Build.0 = Release|Any CPU
		{F6E719D0-2577-4E28-AED5-71DF9ADE39C2}.Debug|Any CPU.ActiveCfg = Debug|Any CPU
		{F6E719D0-2577-4E28-AED5-71DF9ADE39C2}.Debug|Any CPU.Build.0 = Debug|Any CPU
		{F6E719D0-2577-4E28-AED5-71DF9ADE39C2}.Release|Any CPU.ActiveCfg = Release|Any CPU
		{F6E719D0-2577-4E28-AED5-71DF9ADE39C2}.Release|Any CPU.Build.0 = Release|Any CPU
		{7D2BA5EF-9091-493B-8C35-F425496E48EA}.Debug|Any CPU.ActiveCfg = Debug|Any CPU
		{7D2BA5EF-9091-493B-8C35-F425496E48EA}.Debug|Any CPU.Build.0 = Debug|Any CPU
		{7D2BA5EF-9091-493B-8C35-F425496E48EA}.Release|Any CPU.ActiveCfg = Release|Any CPU
		{7D2BA5EF-9091-493B-8C35-F425496E48EA}.Release|Any CPU.Build.0 = Release|Any CPU
		{BFA05F30-FD86-41E1-AEE3-7D6B4B73FFC8}.Debug|Any CPU.ActiveCfg = Debug|Any CPU
		{BFA05F30-FD86-41E1-AEE3-7D6B4B73FFC8}.Debug|Any CPU.Build.0 = Debug|Any CPU
		{BFA05F30-FD86-41E1-AEE3-7D6B4B73FFC8}.Release|Any CPU.ActiveCfg = Release|Any CPU
		{BFA05F30-FD86-41E1-AEE3-7D6B4B73FFC8}.Release|Any CPU.Build.0 = Release|Any CPU
		{E895A4D0-D3C4-4B26-9C9B-98D822E2D70D}.Debug|Any CPU.ActiveCfg = Debug|Any CPU
		{E895A4D0-D3C4-4B26-9C9B-98D822E2D70D}.Debug|Any CPU.Build.0 = Debug|Any CPU
		{E895A4D0-D3C4-4B26-9C9B-98D822E2D70D}.Release|Any CPU.ActiveCfg = Release|Any CPU
		{E895A4D0-D3C4-4B26-9C9B-98D822E2D70D}.Release|Any CPU.Build.0 = Release|Any CPU
		{89123ABE-6304-45C2-A5CB-11CADE8961B8}.Debug|Any CPU.ActiveCfg = Debug|Any CPU
		{89123ABE-6304-45C2-A5CB-11CADE8961B8}.Debug|Any CPU.Build.0 = Debug|Any CPU
		{89123ABE-6304-45C2-A5CB-11CADE8961B8}.Release|Any CPU.ActiveCfg = Release|Any CPU
		{89123ABE-6304-45C2-A5CB-11CADE8961B8}.Release|Any CPU.Build.0 = Release|Any CPU
		{5AE1FFAB-109A-45F7-9E01-FF8700A576BA}.Debug|Any CPU.ActiveCfg = Debug|Any CPU
		{5AE1FFAB-109A-45F7-9E01-FF8700A576BA}.Debug|Any CPU.Build.0 = Debug|Any CPU
		{5AE1FFAB-109A-45F7-9E01-FF8700A576BA}.Release|Any CPU.ActiveCfg = Release|Any CPU
		{5AE1FFAB-109A-45F7-9E01-FF8700A576BA}.Release|Any CPU.Build.0 = Release|Any CPU
		{A103352C-6DB2-4F14-B2A3-133A2612D871}.Debug|Any CPU.ActiveCfg = Debug|Any CPU
		{A103352C-6DB2-4F14-B2A3-133A2612D871}.Debug|Any CPU.Build.0 = Debug|Any CPU
		{A103352C-6DB2-4F14-B2A3-133A2612D871}.Release|Any CPU.ActiveCfg = Release|Any CPU
		{A103352C-6DB2-4F14-B2A3-133A2612D871}.Release|Any CPU.Build.0 = Release|Any CPU
		{FE192BA1-E0D6-4FFE-95ED-A9399B7DBE81}.Debug|Any CPU.ActiveCfg = Debug|Any CPU
		{FE192BA1-E0D6-4FFE-95ED-A9399B7DBE81}.Debug|Any CPU.Build.0 = Debug|Any CPU
		{FE192BA1-E0D6-4FFE-95ED-A9399B7DBE81}.Release|Any CPU.ActiveCfg = Release|Any CPU
		{FE192BA1-E0D6-4FFE-95ED-A9399B7DBE81}.Release|Any CPU.Build.0 = Release|Any CPU
		{CBD8F751-71E2-424F-A9C4-BA72D8D15D10}.Debug|Any CPU.ActiveCfg = Debug|Any CPU
		{CBD8F751-71E2-424F-A9C4-BA72D8D15D10}.Debug|Any CPU.Build.0 = Debug|Any CPU
		{CBD8F751-71E2-424F-A9C4-BA72D8D15D10}.Release|Any CPU.ActiveCfg = Release|Any CPU
		{CBD8F751-71E2-424F-A9C4-BA72D8D15D10}.Release|Any CPU.Build.0 = Release|Any CPU
		{5DBE4707-ECE0-4477-A7A8-8B67E26CA40E}.Debug|Any CPU.ActiveCfg = Debug|Any CPU
		{5DBE4707-ECE0-4477-A7A8-8B67E26CA40E}.Debug|Any CPU.Build.0 = Debug|Any CPU
		{5DBE4707-ECE0-4477-A7A8-8B67E26CA40E}.Release|Any CPU.ActiveCfg = Release|Any CPU
		{5DBE4707-ECE0-4477-A7A8-8B67E26CA40E}.Release|Any CPU.Build.0 = Release|Any CPU
	EndGlobalSection
	GlobalSection(NestedProjects) = preSolution
		{89D82D51-0EE1-4777-BA42-C6B965F83780} = {B3FEB440-AB97-4C82-805B-E5BB9BD39AB5}
		{8D293778-25AD-4720-895D-3D6CED07696C} = {89D82D51-0EE1-4777-BA42-C6B965F83780}
		{6B37C25F-CED9-4C4F-AD3A-E49FE163ADC3} = {89D82D51-0EE1-4777-BA42-C6B965F83780}
		{CE8C4A82-CE5A-4FA0-B620-DB31D8A28AE7} = {89D82D51-0EE1-4777-BA42-C6B965F83780}
		{B1183840-9915-4E0A-A2C2-19674FDC7D50} = {B3FEB440-AB97-4C82-805B-E5BB9BD39AB5}
		{D8ECAFA6-FAEA-440E-9AD5-335C4976E438} = {B1183840-9915-4E0A-A2C2-19674FDC7D50}
		{F6E719D0-2577-4E28-AED5-71DF9ADE39C2} = {B1183840-9915-4E0A-A2C2-19674FDC7D50}
		{7D2BA5EF-9091-493B-8C35-F425496E48EA} = {B1183840-9915-4E0A-A2C2-19674FDC7D50}
		{5D086FEF-6AF6-4E77-98BB-27C546CE9A55} = {B3FEB440-AB97-4C82-805B-E5BB9BD39AB5}
		{BFA05F30-FD86-41E1-AEE3-7D6B4B73FFC8} = {5D086FEF-6AF6-4E77-98BB-27C546CE9A55}
		{E895A4D0-D3C4-4B26-9C9B-98D822E2D70D} = {5D086FEF-6AF6-4E77-98BB-27C546CE9A55}
		{89123ABE-6304-45C2-A5CB-11CADE8961B8} = {5D086FEF-6AF6-4E77-98BB-27C546CE9A55}
		{5AE1FFAB-109A-45F7-9E01-FF8700A576BA} = {B3FEB440-AB97-4C82-805B-E5BB9BD39AB5}
		{319F46E1-3A01-4A26-A46C-237E6AE0E9DD} = {B3FEB440-AB97-4C82-805B-E5BB9BD39AB5}
		{A103352C-6DB2-4F14-B2A3-133A2612D871} = {319F46E1-3A01-4A26-A46C-237E6AE0E9DD}
		{FE192BA1-E0D6-4FFE-95ED-A9399B7DBE81} = {319F46E1-3A01-4A26-A46C-237E6AE0E9DD}
		{CBD8F751-71E2-424F-A9C4-BA72D8D15D10} = {319F46E1-3A01-4A26-A46C-237E6AE0E9DD}
		{5DBE4707-ECE0-4477-A7A8-8B67E26CA40E} = {B3FEB440-AB97-4C82-805B-E5BB9BD39AB5}
	EndGlobalSection
EndGlobal
