
Microsoft Visual Studio Solution File, Format Version 12.00
# Visual Studio Version 17
VisualStudioVersion = 17.0.31903.59
MinimumVisualStudioVersion = 10.0.40219.1
Project("{FAE04EC0-301F-11D3-BF4B-00C04F79EFBC}") = "RagCopilot.Api", "RagCopilot.Api\RagCopilot.Api.csproj", "{159F3D3B-78ED-4528-A186-C69A88401B6B}"
EndProject
Project("{FAE04EC0-301F-11D3-BF4B-00C04F79EFBC}") = "RagCopilot.Application", "RagCopilot.Application\RagCopilot.Application.csproj", "{7E32C3F7-3F23-4F20-987F-1715FA4B9EE5}"
EndProject
Project("{FAE04EC0-301F-11D3-BF4B-00C04F79EFBC}") = "RagCopilot.Domain", "RagCopilot.Domain\RagCopilot.Domain.csproj", "{17720585-A322-419C-B404-E37CA21145BC}"
EndProject
Project("{FAE04EC0-301F-11D3-BF4B-00C04F79EFBC}") = "RagCopilot.Infrastructure", "RagCopilot.Infrastructure\RagCopilot.Infrastructure.csproj", "{E2D3D425-BF23-4C30-BEFE-62FC96A74283}"
EndProject
Project("{FAE04EC0-301F-11D3-BF4B-00C04F79EFBC}") = "RagCopilot.Worker", "RagCopilot.Worker\RagCopilot.Worker.csproj", "{123B441C-7381-45F2-8D32-B148B685207D}"
EndProject
Global
	GlobalSection(SolutionConfigurationPlatforms) = preSolution
		Debug|Any CPU = Debug|Any CPU
		Release|Any CPU = Release|Any CPU
	EndGlobalSection
	GlobalSection(SolutionProperties) = preSolution
		HideSolutionNode = FALSE
	EndGlobalSection
	GlobalSection(ProjectConfigurationPlatforms) = postSolution
		{159F3D3B-78ED-4528-A186-C69A88401B6B}.Debug|Any CPU.ActiveCfg = Debug|Any CPU
		{159F3D3B-78ED-4528-A186-C69A88401B6B}.Debug|Any CPU.Build.0 = Debug|Any CPU
		{159F3D3B-78ED-4528-A186-C69A88401B6B}.Release|Any CPU.ActiveCfg = Release|Any CPU
		{159F3D3B-78ED-4528-A186-C69A88401B6B}.Release|Any CPU.Build.0 = Release|Any CPU
		{7E32C3F7-3F23-4F20-987F-1715FA4B9EE5}.Debug|Any CPU.ActiveCfg = Debug|Any CPU
		{7E32C3F7-3F23-4F20-987F-1715FA4B9EE5}.Debug|Any CPU.Build.0 = Debug|Any CPU
		{7E32C3F7-3F23-4F20-987F-1715FA4B9EE5}.Release|Any CPU.ActiveCfg = Release|Any CPU
		{7E32C3F7-3F23-4F20-987F-1715FA4B9EE5}.Release|Any CPU.Build.0 = Release|Any CPU
		{17720585-A322-419C-B404-E37CA21145BC}.Debug|Any CPU.ActiveCfg = Debug|Any CPU
		{17720585-A322-419C-B404-E37CA21145BC}.Debug|Any CPU.Build.0 = Debug|Any CPU
		{17720585-A322-419C-B404-E37CA21145BC}.Release|Any CPU.ActiveCfg = Release|Any CPU
		{17720585-A322-419C-B404-E37CA21145BC}.Release|Any CPU.Build.0 = Release|Any CPU
		{E2D3D425-BF23-4C30-BEFE-62FC96A74283}.Debug|Any CPU.ActiveCfg = Debug|Any CPU
		{E2D3D425-BF23-4C30-BEFE-62FC96A74283}.Debug|Any CPU.Build.0 = Debug|Any CPU
		{E2D3D425-BF23-4C30-BEFE-62FC96A74283}.Release|Any CPU.ActiveCfg = Release|Any CPU
		{E2D3D425-BF23-4C30-BEFE-62FC96A74283}.Release|Any CPU.Build.0 = Release|Any CPU
		{123B441C-7381-45F2-8D32-B148B685207D}.Debug|Any CPU.ActiveCfg = Debug|Any CPU
		{123B441C-7381-45F2-8D32-B148B685207D}.Debug|Any CPU.Build.0 = Debug|Any CPU
		{123B441C-7381-45F2-8D32-B148B685207D}.Release|Any CPU.ActiveCfg = Release|Any CPU
		{123B441C-7381-45F2-8D32-B148B685207D}.Release|Any CPU.Build.0 = Release|Any CPU
	EndGlobalSection
EndGlobal
